{
  "name": "@pi-tray/voicemeeter",
  "version": "1.0.0",
  "lockfileVersion": 2,
  "requires": true,
  "packages": {
    "": {
      "name": "@pi-tray/voicemeeter",
      "version": "1.0.0",
      "license": "MIT",
      "dependencies": {
        "voicemeeter-remote": "^0.5.0"
      },
      "devDependencies": {
        "@types/node": "^24.2.0",
        "typescript": "^5.9.2"
      }
    },
    "node_modules/@types/node": {
      "version": "24.2.0",
      "resolved": "https://registry.npmjs.org/@types/node/-/node-24.2.0.tgz",
      "integrity": "sha512-3xyG3pMCq3oYCNg7/ZP+E1ooTaGB4cG8JWRsqqOYQdbWNY4zbaV0Ennrd7stjiJEFZCaybcIgpTjJWHRfBSIDw==",
      "dev": true,
      "dependencies": {
        "undici-types": "~7.10.0"
      }
    },
    "node_modules/koffi": {
      "version": "2.12.4",
      "resolved": "https://registry.npmjs.org/koffi/-/koffi-2.12.4.tgz",
      "integrity": "sha512-pDP8/lI/ahfxHYatUBbZagkfCuBGoGUj4kGQn/PDSelfb/CNHAk2oKnGcSNytQMGhy/ashE5Fm0vTm5sVSWGqw==",
      "hasInstallScript": true
    },
    "node_modules/typescript": {
      "version": "5.9.2",
      "resolved": "https://registry.npmjs.org/typescript/-/typescript-5.9.2.tgz",
      "integrity": "sha512-CWBzXQrc/qOkhidw1OzBTQuYRbfyxDXJMVJ1XNwUHGROVmuaeiEm3OslpZ1RV96d7SKKjZKrSJu3+t/xlw3R9A==",
      "dev": true,
      "bin": {
        "tsc": "bin/tsc",
        "tsserver": "bin/tsserver"
      },
      "engines": {
        "node": ">=14.17"
      }
    },
    "node_modules/undici-types": {
      "version": "7.10.0",
      "resolved": "https://registry.npmjs.org/undici-types/-/undici-types-7.10.0.tgz",
      "integrity": "sha512-t5Fy/nfn+14LuOc2KNYg75vZqClpAiqscVvMygNnlsHBFpSXdJaYtXMcdNLpl/Qvc3P2cB3s6lOV51nqsFq4ag==",
      "dev": true
    },
    "node_modules/voicemeeter-remote": {
      "version": "0.5.0",
      "resolved": "https://registry.npmjs.org/voicemeeter-remote/-/voicemeeter-remote-0.5.0.tgz",
      "integrity": "sha512-LQJoIo+yezJCFh0Lpmo2A734Yjp06yHzOo149f6BmYHb4tqjDh6LIfESYkdFt80fX+IX1URciPXsibUxf3uC7Q==",
      "dependencies": {
        "koffi": "^2.7.0",
        "winreg": "^1.2.5"
      }
    },
    "node_modules/winreg": {
      "version": "1.2.5",
      "resolved": "https://registry.npmjs.org/winreg/-/winreg-1.2.5.tgz",
      "integrity": "sha512-uf7tHf+tw0B1y+x+mKTLHkykBgK2KMs3g+KlzmyMbLvICSHQyB/xOFjTT8qZ3oeTFyU7Bbj4FzXitGG6jvKhYw=="
    }
  },
  "dependencies": {
    "@types/node": {
      "version": "24.2.0",
      "resolved": "https://registry.npmjs.org/@types/node/-/node-24.2.0.tgz",
      "integrity": "sha512-3xyG3pMCq3oYCNg7/ZP+E1ooTaGB4cG8JWRsqqOYQdbWNY4zbaV0Ennrd7stjiJEFZCaybcIgpTjJWHRfBSIDw==",
      "dev": true,
      "requires": {
        "undici-types": "~7.10.0"
      }
    },
    "koffi": {
      "version": "2.12.4",
      "resolved": "https://registry.npmjs.org/koffi/-/koffi-2.12.4.tgz",
      "integrity": "sha512-pDP8/lI/ahfxHYatUBbZagkfCuBGoGUj4kGQn/PDSelfb/CNHAk2oKnGcSNytQMGhy/ashE5Fm0vTm5sVSWGqw=="
    },
    "typescript": {
      "version": "5.9.2",
      "resolved": "https://registry.npmjs.org/typescript/-/typescript-5.9.2.tgz",
      "integrity": "sha512-CWBzXQrc/qOkhidw1OzBTQuYRbfyxDXJMVJ1XNwUHGROVmuaeiEm3OslpZ1RV96d7SKKjZKrSJu3+t/xlw3R9A==",
      "dev": true
    },
    "undici-types": {
      "version": "7.10.0",
      "resolved": "https://registry.npmjs.org/undici-types/-/undici-types-7.10.0.tgz",
      "integrity": "sha512-t5Fy/nfn+14LuOc2KNYg75vZqClpAiqscVvMygNnlsHBFpSXdJaYtXMcdNLpl/Qvc3P2cB3s6lOV51nqsFq4ag==",
      "dev": true
    },
    "voicemeeter-remote": {
      "version": "0.5.0",
      "resolved": "https://registry.npmjs.org/voicemeeter-remote/-/voicemeeter-remote-0.5.0.tgz",
      "integrity": "sha512-LQJoIo+yezJCFh0Lpmo2A734Yjp06yHzOo149f6BmYHb4tqjDh6LIfESYkdFt80fX+IX1URciPXsibUxf3uC7Q==",
      "requires": {
        "koffi": "^2.7.0",
        "winreg": "^1.2.5"
      }
    },
    "winreg": {
      "version": "1.2.5",
      "resolved": "https://registry.npmjs.org/winreg/-/winreg-1.2.5.tgz",
      "integrity": "sha512-uf7tHf+tw0B1y+x+mKTLHkykBgK2KMs3g+KlzmyMbLvICSHQyB/xOFjTT8qZ3oeTFyU7Bbj4FzXitGG6jvKhYw=="
    }
  }
}
